{
  "name": "npm-by-the-numbers",
  "version": "1.0.0",
  "lockfileVersion": 1,
  "requires": true,
  "dependencies": {
    "accepts": {
      "version": "1.2.13",
      "resolved": "https://registry.npmjs.org/accepts/-/accepts-1.2.13.tgz",
      "integrity": "sha1-5fHzkoxtlf2WVYw27D2dDeSm7Oo=",
      "dev": true,
      "requires": {
        "mime-types": "2.1.21",
        "negotiator": "0.5.3"
      }
    },
    "ambi": {
      "version": "2.0.0",
      "resolved": "http://registry.npmjs.org/ambi/-/ambi-2.0.0.tgz",
      "integrity": "sha1-QsK/mOjRAapNooqBJnil2+Nq2mY=",
      "dev": true,
      "requires": {
        "typechecker": "2.0.8"
      }
    },
    "bal-util": {
      "version": "1.18.0",
      "resolved": "https://registry.npmjs.org/bal-util/-/bal-util-1.18.0.tgz",
      "integrity": "sha1-Ti4tkIFtGmt+NxdAIAQqLOJYQh0=",
      "dev": true,
      "requires": {
        "ambi": "2.0.0",
        "eachr": "2.0.4",
        "extendr": "2.0.1",
        "getsetdeep": "2.0.0",
        "safecallback": "1.0.1",
        "safefs": "2.0.3",
        "taskgroup": "2.0.0",
        "typechecker": "2.0.8"
      }
    },
    "base64-url": {
      "version": "1.2.1",
      "resolved": "https://registry.npmjs.org/base64-url/-/base64-url-1.2.1.tgz",
      "integrity": "sha1-GZ/WYXAqDnt9yubgaYuwicUvbXg=",
      "dev": true
    },
    "basic-auth": {
      "version": "1.0.4",
      "resolved": "http://registry.npmjs.org/basic-auth/-/basic-auth-1.0.4.tgz",
      "integrity": "sha1-Awk1sB3nyblKgksp8/zLdQ06UpA=",
      "dev": true
    },
    "basic-auth-connect": {
      "version": "1.0.0",
      "resolved": "https://registry.npmjs.org/basic-auth-connect/-/basic-auth-connect-1.0.0.tgz",
      "integrity": "sha1-/bC0OWLKe0BFanwrtI/hc9otISI=",
      "dev": true
    },
    "batch": {
      "version": "0.5.3",
      "resolved": "https://registry.npmjs.org/batch/-/batch-0.5.3.tgz",
      "integrity": "sha1-PzQU84AyF0O/wQQvmoP/HVgk1GQ=",
      "dev": true
    },
    "body-parser": {
      "version": "1.13.3",
      "resolved": "http://registry.npmjs.org/body-parser/-/body-parser-1.13.3.tgz",
      "integrity": "sha1-wIzzMMM1jhUQFqBXRvE/ApyX+pc=",
      "dev": true,
      "requires": {
        "bytes": "2.1.0",
        "content-type": "1.0.4",
        "debug": "2.2.0",
        "depd": "1.0.1",
        "http-errors": "1.3.1",
        "iconv-lite": "0.4.11",
        "on-finished": "2.3.0",
        "qs": "4.0.0",
        "raw-body": "2.1.7",
        "type-is": "1.6.16"
      }
    },
    "bytes": {
      "version": "2.1.0",
      "resolved": "https://registry.npmjs.org/bytes/-/bytes-2.1.0.tgz",
      "integrity": "sha1-rJPEEOL/ycx89LRks4KJBn9eR7Q=",
      "dev": true
    },
    "colors": {
      "version": "1.3.2",
      "resolved": "https://registry.npmjs.org/colors/-/colors-1.3.2.tgz",
      "integrity": "sha512-rhP0JSBGYvpcNQj4s5AdShMeE5ahMop96cTeDl/v9qQQm2fYClE2QXZRi8wLzc+GmXSxdIqqbOIAhyObEXDbfQ==",
      "dev": true
    },
    "compressible": {
      "version": "2.0.15",
      "resolved": "https://registry.npmjs.org/compressible/-/compressible-2.0.15.tgz",
      "integrity": "sha512-4aE67DL33dSW9gw4CI2H/yTxqHLNcxp0yS6jB+4h+wr3e43+1z7vm0HU9qXOH8j+qjKuL8+UtkOxYQSMq60Ylw==",
      "dev": true,
      "requires": {
        "mime-db": "1.37.0"
      }
    },
    "compression": {
      "version": "1.5.2",
      "resolved": "https://registry.npmjs.org/compression/-/compression-1.5.2.tgz",
      "integrity": "sha1-sDuNhub4rSloPLqN+R3cb/x3s5U=",
      "dev": true,
      "requires": {
        "accepts": "1.2.13",
        "bytes": "2.1.0",
        "compressible": "2.0.15",
        "debug": "2.2.0",
        "on-headers": "1.0.1",
        "vary": "1.0.1"
      }
    },
    "connect": {
      "version": "2.30.2",
      "resolved": "https://registry.npmjs.org/connect/-/connect-2.30.2.tgz",
      "integrity": "sha1-jam8vooFTT0xjXTf7JA7XDmhtgk=",
      "dev": true,
      "requires": {
        "basic-auth-connect": "1.0.0",
        "body-parser": "1.13.3",
        "bytes": "2.1.0",
        "compression": "1.5.2",
        "connect-timeout": "1.6.2",
        "content-type": "1.0.4",
        "cookie": "0.1.3",
        "cookie-parser": "1.3.5",
        "cookie-signature": "1.0.6",
        "csurf": "1.8.3",
        "debug": "2.2.0",
        "depd": "1.0.1",
        "errorhandler": "1.4.3",
        "express-session": "1.11.3",
        "finalhandler": "0.4.0",
        "fresh": "0.3.0",
        "http-errors": "1.3.1",
        "method-override": "2.3.10",
        "morgan": "1.6.1",
        "multiparty": "3.3.2",
        "on-headers": "1.0.1",
        "parseurl": "1.3.2",
        "pause": "0.1.0",
        "qs": "4.0.0",
        "response-time": "2.3.2",
        "serve-favicon": "2.3.2",
        "serve-index": "1.7.3",
        "serve-static": "1.10.3",
        "type-is": "1.6.16",
        "utils-merge": "1.0.0",
        "vhost": "3.0.2"
      }
    },
    "connect-timeout": {
      "version": "1.6.2",
      "resolved": "https://registry.npmjs.org/connect-timeout/-/connect-timeout-1.6.2.tgz",
      "integrity": "sha1-3ppexh4zoStu2qt7XwYumMWZuI4=",
      "dev": true,
      "requires": {
        "debug": "2.2.0",
        "http-errors": "1.3.1",
        "ms": "0.7.1",
        "on-headers": "1.0.1"
      }
    },
    "content-type": {
      "version": "1.0.4",
      "resolved": "https://registry.npmjs.org/content-type/-/content-type-1.0.4.tgz",
      "integrity": "sha512-hIP3EEPs8tB9AT1L+NUqtwOAps4mk2Zob89MWXMHjHWg9milF/j4osnnQLXBCBFBk/tvIG/tUc9mOUJiPBhPXA==",
      "dev": true
    },
    "cookie": {
      "version": "0.1.3",
      "resolved": "https://registry.npmjs.org/cookie/-/cookie-0.1.3.tgz",
      "integrity": "sha1-5zSlwUF/zkctWu+Cw4HKu2TRpDU=",
      "dev": true
    },
    "cookie-parser": {
      "version": "1.3.5",
      "resolved": "https://registry.npmjs.org/cookie-parser/-/cookie-parser-1.3.5.tgz",
      "integrity": "sha1-nXVVcPtdF4kHcSJ6AjFNm+fPg1Y=",
      "dev": true,
      "requires": {
        "cookie": "0.1.3",
        "cookie-signature": "1.0.6"
      }
    },
    "cookie-signature": {
      "version": "1.0.6",
      "resolved": "https://registry.npmjs.org/cookie-signature/-/cookie-signature-1.0.6.tgz",
      "integrity": "sha1-4wOogrNCzD7oylE6eZmXNNqzriw=",
      "dev": true
    },
    "core-util-is": {
      "version": "1.0.2",
      "resolved": "https://registry.npmjs.org/core-util-is/-/core-util-is-1.0.2.tgz",
      "integrity": "sha1-tf1UIgqivFq1eqtxQMlAdUUDwac=",
      "dev": true
    },
    "crc": {
      "version": "3.3.0",
      "resolved": "https://registry.npmjs.org/crc/-/crc-3.3.0.tgz",
      "integrity": "sha1-+mIuG8OIvyVzCQgta2UgDOZwkLo=",
      "dev": true
    },
    "csrf": {
      "version": "3.0.6",
      "resolved": "https://registry.npmjs.org/csrf/-/csrf-3.0.6.tgz",
      "integrity": "sha1-thEg3c7q/JHnbtUxO7XAsmZ7cQo=",
      "dev": true,
      "requires": {
        "rndm": "1.2.0",
        "tsscmp": "1.0.5",
        "uid-safe": "2.1.4"
      }
    },
    "csurf": {
      "version": "1.8.3",
      "resolved": "https://registry.npmjs.org/csurf/-/csurf-1.8.3.tgz",
      "integrity": "sha1-I/KhO/HY/OHQyZZYg5RELLqGpWo=",
      "dev": true,
      "requires": {
        "cookie": "0.1.3",
        "cookie-signature": "1.0.6",
        "csrf": "3.0.6",
        "http-errors": "1.3.1"
      }
    },
    "debug": {
      "version": "2.2.0",
      "resolved": "http://registry.npmjs.org/debug/-/debug-2.2.0.tgz",
      "integrity": "sha1-+HBX6ZWxofauaklgZkE3vFbwOdo=",
      "dev": true,
      "requires": {
        "ms": "0.7.1"
      }
    },
    "depd": {
      "version": "1.0.1",
      "resolved": "http://registry.npmjs.org/depd/-/depd-1.0.1.tgz",
      "integrity": "sha1-gK7GTJ1tl+ZcwqnKqTwKpqv3Oqo=",
      "dev": true
    },
    "destroy": {
      "version": "1.0.4",
      "resolved": "https://registry.npmjs.org/destroy/-/destroy-1.0.4.tgz",
      "integrity": "sha1-l4hXRCxEdJ5CBmE+N5RiBYJqvYA=",
      "dev": true
    },
    "duplexer": {
      "version": "0.1.1",
      "resolved": "http://registry.npmjs.org/duplexer/-/duplexer-0.1.1.tgz",
      "integrity": "sha1-rOb/gIwc5mtX0ev5eXessCM0z8E=",
      "dev": true
    },
    "eachr": {
      "version": "2.0.4",
      "resolved": "https://registry.npmjs.org/eachr/-/eachr-2.0.4.tgz",
      "integrity": "sha1-Rm98qhBwj2EFCeMsgHqv5X/BIr8=",
      "dev": true,
      "requires": {
        "typechecker": "2.0.8"
      }
    },
    "ee-first": {
      "version": "1.1.1",
      "resolved": "https://registry.npmjs.org/ee-first/-/ee-first-1.1.1.tgz",
      "integrity": "sha1-WQxhFWsK4vTwJVcyoViyZrxWsh0=",
      "dev": true
    },
    "encodeurl": {
      "version": "1.0.2",
      "resolved": "https://registry.npmjs.org/encodeurl/-/encodeurl-1.0.2.tgz",
      "integrity": "sha1-rT/0yG7C0CkyL1oCw6mmBslbP1k=",
      "dev": true
    },
    "errorhandler": {
      "version": "1.4.3",
      "resolved": "https://registry.npmjs.org/errorhandler/-/errorhandler-1.4.3.tgz",
      "integrity": "sha1-t7cO2PNZ6duICS8tIMD4MUIK2D8=",
      "dev": true,
      "requires": {
        "accepts": "1.3.5",
        "escape-html": "1.0.3"
      },
      "dependencies": {
        "accepts": {
          "version": "1.3.5",
          "resolved": "https://registry.npmjs.org/accepts/-/accepts-1.3.5.tgz",
          "integrity": "sha1-63d99gEXI6OxTopywIBcjoZ0a9I=",
          "dev": true,
          "requires": {
            "mime-types": "2.1.21",
            "negotiator": "0.6.1"
          }
        },
        "negotiator": {
          "version": "0.6.1",
          "resolved": "https://registry.npmjs.org/negotiator/-/negotiator-0.6.1.tgz",
          "integrity": "sha1-KzJxhOiZIQEXeyhWP7XnECrNDKk=",
          "dev": true
        }
      }
    },
    "escape-html": {
      "version": "1.0.3",
      "resolved": "https://registry.npmjs.org/escape-html/-/escape-html-1.0.3.tgz",
      "integrity": "sha1-Aljq5NPQwJdN4cFpGI7wBR0dGYg=",
      "dev": true
    },
    "etag": {
      "version": "1.7.0",
      "resolved": "https://registry.npmjs.org/etag/-/etag-1.7.0.tgz",
      "integrity": "sha1-A9MLX2fdbmMtKUXTDWZScxo01dg=",
      "dev": true
    },
    "event-stream": {
      "version": "4.0.1",
      "resolved": "https://registry.npmjs.org/event-stream/-/event-stream-4.0.1.tgz",
      "integrity": "sha512-qACXdu/9VHPBzcyhdOWR5/IahhGMf0roTeZJfzz077GwylcDd90yOHLouhmv7GJ5XzPi6ekaQWd8AvPP2nOvpA==",
      "dev": true,
      "requires": {
        "duplexer": "0.1.1",
        "from": "0.1.7",
        "map-stream": "0.0.7",
        "pause-stream": "0.0.11",
        "split": "1.0.1",
        "stream-combiner": "0.2.2",
        "through": "2.3.8"
      }
    },
    "express-session": {
      "version": "1.11.3",
      "resolved": "http://registry.npmjs.org/express-session/-/express-session-1.11.3.tgz",
      "integrity": "sha1-XMmPP1/4Ttg1+Ry/CqvQxxB0AK8=",
      "dev": true,
      "requires": {
        "cookie": "0.1.3",
        "cookie-signature": "1.0.6",
        "crc": "3.3.0",
        "debug": "2.2.0",
        "depd": "1.0.1",
        "on-headers": "1.0.1",
        "parseurl": "1.3.2",
        "uid-safe": "2.0.0",
        "utils-merge": "1.0.0"
      },
      "dependencies": {
        "uid-safe": {
          "version": "2.0.0",
          "resolved": "https://registry.npmjs.org/uid-safe/-/uid-safe-2.0.0.tgz",
          "integrity": "sha1-p/PGymSh9qXQTsDvPkw9U2cxcTc=",
          "dev": true,
          "requires": {
            "base64-url": "1.2.1"
          }
        }
      }
    },
    "extendr": {
      "version": "2.0.1",
      "resolved": "https://registry.npmjs.org/extendr/-/extendr-2.0.1.tgz",
      "integrity": "sha1-2Ks3X8u4M+S6LNIoVA8E5KoH3pA=",
      "dev": true,
      "requires": {
        "typechecker": "2.0.8"
      }
    },
    "faye-websocket": {
      "version": "0.9.4",
      "resolved": "https://registry.npmjs.org/faye-websocket/-/faye-websocket-0.9.4.tgz",
      "integrity": "sha1-iFk0x57/sECVSeDAo4Ae0XpAza0=",
      "dev": true,
      "requires": {
        "websocket-driver": "0.7.0"
      }
    },
    "finalhandler": {
      "version": "0.4.0",
      "resolved": "http://registry.npmjs.org/finalhandler/-/finalhandler-0.4.0.tgz",
      "integrity": "sha1-llpS2ejQXSuFdUhUH7ibU6JJfZs=",
      "dev": true,
      "requires": {
        "debug": "2.2.0",
        "escape-html": "1.0.2",
        "on-finished": "2.3.0",
        "unpipe": "1.0.0"
      },
      "dependencies": {
        "escape-html": {
          "version": "1.0.2",
          "resolved": "https://registry.npmjs.org/escape-html/-/escape-html-1.0.2.tgz",
          "integrity": "sha1-130y+pjjjC9BroXpJ44ODmuhAiw=",
          "dev": true
        }
      }
    },
    "fresh": {
      "version": "0.3.0",
      "resolved": "https://registry.npmjs.org/fresh/-/fresh-0.3.0.tgz",
      "integrity": "sha1-ZR+DjiJCTnVm3hYdg1jKoZn4PU8=",
      "dev": true
    },
    "from": {
      "version": "0.1.7",
      "resolved": "https://registry.npmjs.org/from/-/from-0.1.7.tgz",
      "integrity": "sha1-g8YK/Fi5xWmXAH7Rp2izqzA6RP4=",
      "dev": true
    },
    "getsetdeep": {
      "version": "2.0.0",
      "resolved": "https://registry.npmjs.org/getsetdeep/-/getsetdeep-2.0.0.tgz",
      "integrity": "sha1-8TOE/mVtCj9BwhTL3zEAGlfBJJI=",
      "dev": true,
      "requires": {
        "typechecker": "2.0.8"
      }
    },
    "http-errors": {
      "version": "1.3.1",
      "resolved": "http://registry.npmjs.org/http-errors/-/http-errors-1.3.1.tgz",
      "integrity": "sha1-GX4izevUGYWF6GlO9nhhl7ke2UI=",
      "dev": true,
      "requires": {
        "inherits": "2.0.3",
        "statuses": "1.5.0"
      }
    },
    "http-parser-js": {
      "version": "0.5.0",
      "resolved": "https://registry.npmjs.org/http-parser-js/-/http-parser-js-0.5.0.tgz",
      "integrity": "sha512-cZdEF7r4gfRIq7ezX9J0T+kQmJNOub71dWbgAXVHDct80TKP4MCETtZQ31xyv38UwgzkWPYF/Xc0ge55dW9Z9w==",
      "dev": true
    },
    "iconv-lite": {
      "version": "0.4.11",
      "resolved": "http://registry.npmjs.org/iconv-lite/-/iconv-lite-0.4.11.tgz",
      "integrity": "sha1-LstC/SlHRJIiCaLnxATayHk9it4=",
      "dev": true
    },
    "inherits": {
      "version": "2.0.3",
      "resolved": "https://registry.npmjs.org/inherits/-/inherits-2.0.3.tgz",
      "integrity": "sha1-Yzwsg+PaQqUC9SRmAiSA9CCCYd4=",
      "dev": true
    },
    "is-wsl": {
      "version": "1.1.0",
      "resolved": "https://registry.npmjs.org/is-wsl/-/is-wsl-1.1.0.tgz",
      "integrity": "sha1-HxbkqiKwTRM2tmGIpmrzxgDDpm0=",
      "dev": true
    },
    "isarray": {
      "version": "0.0.1",
      "resolved": "https://registry.npmjs.org/isarray/-/isarray-0.0.1.tgz",
      "integrity": "sha1-ihis/Kmo9Bd+Cav8YDiTmwXR7t8=",
      "dev": true
    },
    "live-server": {
      "version": "0.8.2",
      "resolved": "https://registry.npmjs.org/live-server/-/live-server-0.8.2.tgz",
      "integrity": "sha1-PGoLBVkVhYZsmcccSFNjO/AZRP8=",
      "dev": true,
      "requires": {
        "colors": "1.3.2",
        "connect": "2.30.2",
        "event-stream": "4.0.1",
        "faye-websocket": "0.9.4",
        "object-assign": "2.1.1",
        "opn": "5.4.0",
        "send": "0.16.2",
        "watchr": "2.3.10"
      }
    },
    "map-stream": {
      "version": "0.0.7",
      "resolved": "https://registry.npmjs.org/map-stream/-/map-stream-0.0.7.tgz",
      "integrity": "sha1-ih8HiW2CsQkmvTdEokIACfiJdKg=",
      "dev": true
    },
    "media-typer": {
      "version": "0.3.0",
      "resolved": "http://registry.npmjs.org/media-typer/-/media-typer-0.3.0.tgz",
      "integrity": "sha1-hxDXrwqmJvj/+hzgAWhUUmMlV0g=",
      "dev": true
    },
    "method-override": {
      "version": "2.3.10",
      "resolved": "https://registry.npmjs.org/method-override/-/method-override-2.3.10.tgz",
      "integrity": "sha1-49r41d7hDdLc59SuiNYrvud0drQ=",
      "dev": true,
      "requires": {
        "debug": "2.6.9",
        "methods": "1.1.2",
        "parseurl": "1.3.2",
        "vary": "1.1.2"
      },
      "dependencies": {
        "debug": {
          "version": "2.6.9",
          "resolved": "https://registry.npmjs.org/debug/-/debug-2.6.9.tgz",
          "integrity": "sha512-bC7ElrdJaJnPbAP+1EotYvqZsb3ecl5wi6Bfi6BJTUcNowp6cvspg0jXznRTKDjm/E7AdgFBVeAPVMNcKGsHMA==",
          "dev": true,
          "requires": {
            "ms": "2.0.0"
          }
        },
        "ms": {
          "version": "2.0.0",
          "resolved": "https://registry.npmjs.org/ms/-/ms-2.0.0.tgz",
          "integrity": "sha1-VgiurfwAvmwpAd9fmGF4jeDVl8g=",
          "dev": true
        },
        "vary": {
          "version": "1.1.2",
          "resolved": "https://registry.npmjs.org/vary/-/vary-1.1.2.tgz",
          "integrity": "sha1-IpnwLG3tMNSllhsLn3RSShj2NPw=",
          "dev": true
        }
      }
    },
    "methods": {
      "version": "1.1.2",
      "resolved": "https://registry.npmjs.org/methods/-/methods-1.1.2.tgz",
      "integrity": "sha1-VSmk1nZUE07cxSZmVoNbD4Ua/O4=",
      "dev": true
    },
    "mime": {
      "version": "1.3.4",
      "resolved": "https://registry.npmjs.org/mime/-/mime-1.3.4.tgz",
      "integrity": "sha1-EV+eO2s9rylZmDyzjxSaLUDrXVM=",
      "dev": true
    },
    "mime-db": {
      "version": "1.37.0",
      "resolved": "https://registry.npmjs.org/mime-db/-/mime-db-1.37.0.tgz",
      "integrity": "sha512-R3C4db6bgQhlIhPU48fUtdVmKnflq+hRdad7IyKhtFj06VPNVdk2RhiYL3UjQIlso8L+YxAtFkobT0VK+S/ybg==",
      "dev": true
    },
    "mime-types": {
      "version": "2.1.21",
      "resolved": "https://registry.npmjs.org/mime-types/-/mime-types-2.1.21.tgz",
      "integrity": "sha512-3iL6DbwpyLzjR3xHSFNFeb9Nz/M8WDkX33t1GFQnFOllWk8pOrh/LSrB5OXlnlW5P9LH73X6loW/eogc+F5lJg==",
      "dev": true,
      "requires": {
        "mime-db": "1.37.0"
      }
    },
    "morgan": {
      "version": "1.6.1",
      "resolved": "http://registry.npmjs.org/morgan/-/morgan-1.6.1.tgz",
      "integrity": "sha1-X9gYOYxoGcuiinzWZk8pL+HAu/I=",
      "dev": true,
      "requires": {
        "basic-auth": "1.0.4",
        "debug": "2.2.0",
        "depd": "1.0.1",
        "on-finished": "2.3.0",
        "on-headers": "1.0.1"
      }
    },
    "ms": {
      "version": "0.7.1",
      "resolved": "http://registry.npmjs.org/ms/-/ms-0.7.1.tgz",
      "integrity": "sha1-nNE8A62/8ltl7/3nzoZO6VIBcJg=",
      "dev": true
    },
    "multiparty": {
      "version": "3.3.2",
      "resolved": "https://registry.npmjs.org/multiparty/-/multiparty-3.3.2.tgz",
      "integrity": "sha1-Nd5oBNwZZD5SSfPT473GyM4wHT8=",
      "dev": true,
      "requires": {
        "readable-stream": "1.1.14",
        "stream-counter": "0.2.0"
      }
    },
    "negotiator": {
      "version": "0.5.3",
      "resolved": "https://registry.npmjs.org/negotiator/-/negotiator-0.5.3.tgz",
      "integrity": "sha1-Jp1cR2gQ7JLtvntsLygxY4T5p+g=",
      "dev": true
    },
    "object-assign": {
      "version": "2.1.1",
      "resolved": "https://registry.npmjs.org/object-assign/-/object-assign-2.1.1.tgz",
      "integrity": "sha1-Q8NuXVaf+OSBbE76i+AtJpZ8GKo=",
      "dev": true
    },
    "on-finished": {
      "version": "2.3.0",
      "resolved": "https://registry.npmjs.org/on-finished/-/on-finished-2.3.0.tgz",
      "integrity": "sha1-IPEzZIGwg811M3mSoWlxqi2QaUc=",
      "dev": true,
      "requires": {
        "ee-first": "1.1.1"
      }
    },
    "on-headers": {
      "version": "1.0.1",
      "resolved": "https://registry.npmjs.org/on-headers/-/on-headers-1.0.1.tgz",
      "integrity": "sha1-ko9dD0cNSTQmUepnlLCFfBAGk/c=",
      "dev": true
    },
    "opn": {
      "version": "5.4.0",
      "resolved": "https://registry.npmjs.org/opn/-/opn-5.4.0.tgz",
      "integrity": "sha512-YF9MNdVy/0qvJvDtunAOzFw9iasOQHpVthTCvGzxt61Il64AYSGdK+rYwld7NAfk9qJ7dt+hymBNSc9LNYS+Sw==",
      "dev": true,
      "requires": {
        "is-wsl": "1.1.0"
      }
    },
    "parseurl": {
      "version": "1.3.2",
      "resolved": "https://registry.npmjs.org/parseurl/-/parseurl-1.3.2.tgz",
      "integrity": "sha1-/CidTtiZMRlGDBViUyYs3I3mW/M=",
      "dev": true
    },
    "pause": {
      "version": "0.1.0",
      "resolved": "https://registry.npmjs.org/pause/-/pause-0.1.0.tgz",
      "integrity": "sha1-68ikqGGf8LioGsFRPDQ0/0af23Q=",
      "dev": true
    },
    "pause-stream": {
      "version": "0.0.11",
      "resolved": "http://registry.npmjs.org/pause-stream/-/pause-stream-0.0.11.tgz",
      "integrity": "sha1-/lo0sMvOErWqaitAPuLnO2AvFEU=",
      "dev": true,
      "requires": {
        "through": "2.3.8"
      }
    },
    "qs": {
      "version": "4.0.0",
      "resolved": "https://registry.npmjs.org/qs/-/qs-4.0.0.tgz",
      "integrity": "sha1-wx2bdOwn33XlQ6hseHKO2NRiNgc=",
      "dev": true
    },
    "random-bytes": {
      "version": "1.0.0",
      "resolved": "https://registry.npmjs.org/random-bytes/-/random-bytes-1.0.0.tgz",
      "integrity": "sha1-T2ih3Arli9P7lYSMMDJNt11kNgs=",
      "dev": true
    },
    "range-parser": {
      "version": "1.0.3",
      "resolved": "https://registry.npmjs.org/range-parser/-/range-parser-1.0.3.tgz",
      "integrity": "sha1-aHKCNTXGkuLCoBA4Jq/YLC4P8XU=",
      "dev": true
    },
    "raw-body": {
      "version": "2.1.7",
      "resolved": "https://registry.npmjs.org/raw-body/-/raw-body-2.1.7.tgz",
      "integrity": "sha1-rf6s4uT7MJgFgBTQjActzFl1h3Q=",
      "dev": true,
      "requires": {
        "bytes": "2.4.0",
        "iconv-lite": "0.4.13",
        "unpipe": "1.0.0"
      },
      "dependencies": {
        "bytes": {
          "version": "2.4.0",
          "resolved": "https://registry.npmjs.org/bytes/-/bytes-2.4.0.tgz",
          "integrity": "sha1-fZcZb51br39pNeJZhVSe3SpsIzk=",
          "dev": true
        },
        "iconv-lite": {
          "version": "0.4.13",
          "resolved": "http://registry.npmjs.org/iconv-lite/-/iconv-lite-0.4.13.tgz",
          "integrity": "sha1-H4irpKsLFQjoMSrMOTRfNumS4vI=",
          "dev": true
        }
      }
    },
    "readable-stream": {
      "version": "1.1.14",
      "resolved": "http://registry.npmjs.org/readable-stream/-/readable-stream-1.1.14.tgz",
      "integrity": "sha1-fPTFTvZI44EwhMY23SB54WbAgdk=",
      "dev": true,
      "requires": {
        "core-util-is": "1.0.2",
        "inherits": "2.0.3",
        "isarray": "0.0.1",
        "string_decoder": "0.10.31"
      }
    },
    "response-time": {
      "version": "2.3.2",
      "resolved": "https://registry.npmjs.org/response-time/-/response-time-2.3.2.tgz",
      "integrity": "sha1-/6cbq5UtYvfB1Jt0NDVfvGjf/Fo=",
      "dev": true,
      "requires": {
        "depd": "1.1.2",
        "on-headers": "1.0.1"
      },
      "dependencies": {
        "depd": {
          "version": "1.1.2",
          "resolved": "https://registry.npmjs.org/depd/-/depd-1.1.2.tgz",
          "integrity": "sha1-m81S4UwJd2PnSbJ0xDRu0uVgtak=",
          "dev": true
        }
      }
    },
    "rndm": {
      "version": "1.2.0",
      "resolved": "https://registry.npmjs.org/rndm/-/rndm-1.2.0.tgz",
      "integrity": "sha1-8z/pz7Urv9UgqhgyO8ZdsRCht2w=",
      "dev": true
    },
    "safecallback": {
      "version": "1.0.1",
      "resolved": "https://registry.npmjs.org/safecallback/-/safecallback-1.0.1.tgz",
      "integrity": "sha1-B8fxK0qNmr8bj83bp4UusLi27UE=",
      "dev": true
    },
    "safefs": {
      "version": "2.0.3",
      "resolved": "https://registry.npmjs.org/safefs/-/safefs-2.0.3.tgz",
      "integrity": "sha1-LbKy3kxBYdbbpmCf7gXsqwYsTeU=",
      "dev": true
    },
    "send": {
      "version": "0.16.2",
      "resolved": "https://registry.npmjs.org/send/-/send-0.16.2.tgz",
      "integrity": "sha512-E64YFPUssFHEFBvpbbjr44NCLtI1AohxQ8ZSiJjQLskAdKuriYEP6VyGEsRDH8ScozGpkaX1BGvhanqCwkcEZw==",
      "dev": true,
      "requires": {
        "debug": "2.6.9",
        "depd": "1.1.2",
        "destroy": "1.0.4",
        "encodeurl": "1.0.2",
        "escape-html": "1.0.3",
        "etag": "1.8.1",
        "fresh": "0.5.2",
        "http-errors": "1.6.3",
        "mime": "1.4.1",
        "ms": "2.0.0",
        "on-finished": "2.3.0",
        "range-parser": "1.2.0",
        "statuses": "1.4.0"
      },
      "dependencies": {
        "debug": {
          "version": "2.6.9",
          "resolved": "https://registry.npmjs.org/debug/-/debug-2.6.9.tgz",
          "integrity": "sha512-bC7ElrdJaJnPbAP+1EotYvqZsb3ecl5wi6Bfi6BJTUcNowp6cvspg0jXznRTKDjm/E7AdgFBVeAPVMNcKGsHMA==",
          "dev": true,
          "requires": {
            "ms": "2.0.0"
          }
        },
        "depd": {
          "version": "1.1.2",
          "resolved": "https://registry.npmjs.org/depd/-/depd-1.1.2.tgz",
          "integrity": "sha1-m81S4UwJd2PnSbJ0xDRu0uVgtak=",
          "dev": true
        },
        "etag": {
          "version": "1.8.1",
          "resolved": "https://registry.npmjs.org/etag/-/etag-1.8.1.tgz",
          "integrity": "sha1-Qa4u62XvpiJorr/qg6x9eSmbCIc=",
          "dev": true
        },
        "fresh": {
          "version": "0.5.2",
          "resolved": "https://registry.npmjs.org/fresh/-/fresh-0.5.2.tgz",
          "integrity": "sha1-PYyt2Q2XZWn6g1qx+OSyOhBWBac=",
          "dev": true
        },
        "http-errors": {
          "version": "1.6.3",
          "resolved": "http://registry.npmjs.org/http-errors/-/http-errors-1.6.3.tgz",
          "integrity": "sha1-i1VoC7S+KDoLW/TqLjhYC+HZMg0=",
          "dev": true,
          "requires": {
            "depd": "1.1.2",
            "inherits": "2.0.3",
            "setprototypeof": "1.1.0",
            "statuses": "1.4.0"
          }
        },
        "mime": {
          "version": "1.4.1",
          "resolved": "https://registry.npmjs.org/mime/-/mime-1.4.1.tgz",
          "integrity": "sha512-KI1+qOZu5DcW6wayYHSzR/tXKCDC5Om4s1z2QJjDULzLcmf3DvzS7oluY4HCTrc+9FiKmWUgeNLg7W3uIQvxtQ==",
          "dev": true
        },
        "ms": {
          "version": "2.0.0",
          "resolved": "https://registry.npmjs.org/ms/-/ms-2.0.0.tgz",
          "integrity": "sha1-VgiurfwAvmwpAd9fmGF4jeDVl8g=",
          "dev": true
        },
        "range-parser": {
          "version": "1.2.0",
          "resolved": "https://registry.npmjs.org/range-parser/-/range-parser-1.2.0.tgz",
          "integrity": "sha1-9JvmtIeJTdxA3MlKMi9hEJLgDV4=",
          "dev": true
        },
        "statuses": {
          "version": "1.4.0",
          "resolved": "https://registry.npmjs.org/statuses/-/statuses-1.4.0.tgz",
          "integrity": "sha512-zhSCtt8v2NDrRlPQpCNtw/heZLtfUDqxBM1udqikb/Hbk52LK4nQSwr10u77iopCW5LsyHpuXS0GnEc48mLeew==",
          "dev": true
        }
      }
    },
    "serve-favicon": {
      "version": "2.3.2",
      "resolved": "https://registry.npmjs.org/serve-favicon/-/serve-favicon-2.3.2.tgz",
      "integrity": "sha1-3UGeJo3gEqtysxnTN/IQUBP5OB8=",
      "dev": true,
      "requires": {
        "etag": "1.7.0",
        "fresh": "0.3.0",
        "ms": "0.7.2",
        "parseurl": "1.3.2"
      },
      "dependencies": {
        "ms": {
          "version": "0.7.2",
          "resolved": "http://registry.npmjs.org/ms/-/ms-0.7.2.tgz",
          "integrity": "sha1-riXPJRKziFodldfwN4aNhDESR2U=",
          "dev": true
        }
      }
    },
    "serve-index": {
      "version": "1.7.3",
      "resolved": "https://registry.npmjs.org/serve-index/-/serve-index-1.7.3.tgz",
      "integrity": "sha1-egV/xu4o3GP2RWbl+lexEahq7NI=",
      "dev": true,
      "requires": {
        "accepts": "1.2.13",
        "batch": "0.5.3",
        "debug": "2.2.0",
        "escape-html": "1.0.3",
        "http-errors": "1.3.1",
        "mime-types": "2.1.21",
        "parseurl": "1.3.2"
      }
    },
    "serve-static": {
      "version": "1.10.3",
      "resolved": "https://registry.npmjs.org/serve-static/-/serve-static-1.10.3.tgz",
      "integrity": "sha1-zlpuzTEB/tXsCYJ9rCKpwpv7BTU=",
      "dev": true,
      "requires": {
        "escape-html": "1.0.3",
        "parseurl": "1.3.2",
        "send": "0.13.2"
      },
      "dependencies": {
        "depd": {
          "version": "1.1.2",
          "resolved": "https://registry.npmjs.org/depd/-/depd-1.1.2.tgz",
          "integrity": "sha1-m81S4UwJd2PnSbJ0xDRu0uVgtak=",
          "dev": true
        },
        "send": {
          "version": "0.13.2",
          "resolved": "https://registry.npmjs.org/send/-/send-0.13.2.tgz",
          "integrity": "sha1-dl52B8gFVFK7pvCwUllTUJhgNt4=",
          "dev": true,
          "requires": {
            "debug": "2.2.0",
            "depd": "1.1.2",
            "destroy": "1.0.4",
            "escape-html": "1.0.3",
            "etag": "1.7.0",
            "fresh": "0.3.0",
            "http-errors": "1.3.1",
            "mime": "1.3.4",
            "ms": "0.7.1",
            "on-finished": "2.3.0",
            "range-parser": "1.0.3",
            "statuses": "1.2.1"
          }
        },
        "statuses": {
          "version": "1.2.1",
          "resolved": "https://registry.npmjs.org/statuses/-/statuses-1.2.1.tgz",
          "integrity": "sha1-3e1FzBglbVHtQK7BQkidXGECbSg=",
          "dev": true
        }
      }
    },
    "setprototypeof": {
      "version": "1.1.0",
      "resolved": "https://registry.npmjs.org/setprototypeof/-/setprototypeof-1.1.0.tgz",
      "integrity": "sha512-BvE/TwpZX4FXExxOxZyRGQQv651MSwmWKZGqvmPcRIjDqWub67kTKuIMx43cZZrS/cBBzwBcNDWoFxt2XEFIpQ==",
      "dev": true
    },
    "split": {
      "version": "1.0.1",
      "resolved": "https://registry.npmjs.org/split/-/split-1.0.1.tgz",
      "integrity": "sha512-mTyOoPbrivtXnwnIxZRFYRrPNtEFKlpB2fvjSnCQUiAA6qAZzqwna5envK4uk6OIeP17CsdF3rSBGYVBsU0Tkg==",
      "dev": true,
      "requires": {
        "through": "2.3.8"
      }
    },
    "statuses": {
      "version": "1.5.0",
      "resolved": "https://registry.npmjs.org/statuses/-/statuses-1.5.0.tgz",
      "integrity": "sha1-Fhx9rBd2Wf2YEfQ3cfqZOBR4Yow=",
      "dev": true
    },
    "stream-combiner": {
      "version": "0.2.2",
      "resolved": "http://registry.npmjs.org/stream-combiner/-/stream-combiner-0.2.2.tgz",
      "integrity": "sha1-rsjLrBd7Vrb0+kec7YwZEs7lKFg=",
      "dev": true,
      "requires": {
        "duplexer": "0.1.1",
        "through": "2.3.8"
      }
    },
    "stream-counter": {
      "version": "0.2.0",
      "resolved": "https://registry.npmjs.org/stream-counter/-/stream-counter-0.2.0.tgz",
      "integrity": "sha1-3tJmVWMZyLDiIoErnPOyb6fZR94=",
      "dev": true,
      "requires": {
        "readable-stream": "1.1.14"
      }
    },
    "string_decoder": {
      "version": "0.10.31",
      "resolved": "https://registry.npmjs.org/string_decoder/-/string_decoder-0.10.31.tgz",
      "integrity": "sha1-YuIDvEF2bGwoyfyEMB2rHFMQ+pQ=",
      "dev": true
    },
    "taskgroup": {
      "version": "2.0.0",
      "resolved": "https://registry.npmjs.org/taskgroup/-/taskgroup-2.0.0.tgz",
      "integrity": "sha1-GElEpCtWhKrXURiaUmPAMPYXREY=",
      "dev": true,
      "requires": {
        "ambi": "2.0.0",
        "typechecker": "2.0.8"
      }
    },
    "through": {
      "version": "2.3.8",
      "resolved": "http://registry.npmjs.org/through/-/through-2.3.8.tgz",
      "integrity": "sha1-DdTJ/6q8NXlgsbckEV1+Doai4fU=",
      "dev": true
    },
    "tsscmp": {
      "version": "1.0.5",
      "resolved": "https://registry.npmjs.org/tsscmp/-/tsscmp-1.0.5.tgz",
      "integrity": "sha1-fcSjOvcVgatDN9qR2FylQn69mpc=",
      "dev": true
    },
    "type-is": {
      "version": "1.6.16",
      "resolved": "https://registry.npmjs.org/type-is/-/type-is-1.6.16.tgz",
      "integrity": "sha512-HRkVv/5qY2G6I8iab9cI7v1bOIdhm94dVjQCPFElW9W+3GeDOSHmy2EBYe4VTApuzolPcmgFTN3ftVJRKR2J9Q==",
      "dev": true,
      "requires": {
        "media-typer": "0.3.0",
        "mime-types": "2.1.21"
      }
    },
    "typechecker": {
      "version": "2.0.8",
      "resolved": "http://registry.npmjs.org/typechecker/-/typechecker-2.0.8.tgz",
      "integrity": "sha1-6D2oS7ZMWEzLNFg4V2xAsDN9uC4=",
      "dev": true
    },
    "uid-safe": {
      "version": "2.1.4",
      "resolved": "https://registry.npmjs.org/uid-safe/-/uid-safe-2.1.4.tgz",
      "integrity": "sha1-Otbzg2jG1MjHXsF2I/t5qh0HHYE=",
      "dev": true,
      "requires": {
        "random-bytes": "1.0.0"
      }
    },
    "unpipe": {
      "version": "1.0.0",
      "resolved": "https://registry.npmjs.org/unpipe/-/unpipe-1.0.0.tgz",
      "integrity": "sha1-sr9O6FFKrmFltIF4KdIbLvSZBOw=",
      "dev": true
    },
    "utils-merge": {
      "version": "1.0.0",
      "resolved": "https://registry.npmjs.org/utils-merge/-/utils-merge-1.0.0.tgz",
      "integrity": "sha1-ApT7kiu5N1FTVBxPcJYjHyh8ivg=",
      "dev": true
    },
    "vary": {
      "version": "1.0.1",
      "resolved": "https://registry.npmjs.org/vary/-/vary-1.0.1.tgz",
      "integrity": "sha1-meSYFWaihhGN+yuBc1ffeZM3bRA=",
      "dev": true
    },
    "vhost": {
      "version": "3.0.2",
      "resolved": "https://registry.npmjs.org/vhost/-/vhost-3.0.2.tgz",
      "integrity": "sha1-L7HezUxGaqiLD5NBrzPcGv8keNU=",
      "dev": true
    },
    "watchr": {
      "version": "2.3.10",
      "resolved": "https://registry.npmjs.org/watchr/-/watchr-2.3.10.tgz",
      "integrity": "sha1-L+CvU3BxyuandtRSM1b486Iwt84=",
      "dev": true,
      "requires": {
        "bal-util": "1.18.0"
      }
    },
    "websocket-driver": {
      "version": "0.7.0",
      "resolved": "https://registry.npmjs.org/websocket-driver/-/websocket-driver-0.7.0.tgz",
      "integrity": "sha1-DK+dLXVdk67gSdS90NP+LMoqJOs=",
      "dev": true,
      "requires": {
        "http-parser-js": "0.5.0",
        "websocket-extensions": "0.1.3"
      }
    },
    "websocket-extensions": {
      "version": "0.1.3",
      "resolved": "https://registry.npmjs.org/websocket-extensions/-/websocket-extensions-0.1.3.tgz",
      "integrity": "sha512-nqHUnMXmBzT0w570r2JpJxfiSD1IzoI+HGVdd3aZ0yNi3ngvQ4jv1dtHt5VGxfI2yj5yqImPhOK4vmIh2xMbGg==",
      "dev": true
    }
  }
}
